
Microsoft Visual Studio Solution File, Format Version 12.00
# Visual Studio Version 16
VisualStudioVersion = 16.0.29411.108
MinimumVisualStudioVersion = 10.0.40219.1
Project("{8BC9CEB8-8B4A-11D0-8D11-00A0C91BC942}") = "CSerialClient_TestApp", "CSerialClient_TestApp\CSerialClient_TestApp.vcxproj", "{EDEF7291-294D-4522-A050-5ADE35A686C1}"
EndProject
Global
	GlobalSection(SolutionConfigurationPlatforms) = preSolution
		Debug|ARM = Debug|ARM
		Debug|ARM64 = Debug|ARM64
		Debug|x64 = Debug|x64
		Debug|x86 = Debug|x86
		Release|ARM = Release|ARM
		Release|ARM64 = Release|ARM64
		Release|x64 = Release|x64
		Release|x86 = Release|x86
	EndGlobalSection
	GlobalSection(ProjectConfigurationPlatforms) = postSolution
		{EDEF7291-294D-4522-A050-5ADE35A686C1}.Debug|ARM.ActiveCfg = Debug|ARM
		{EDEF7291-294D-4522-A050-5ADE35A686C1}.Debug|ARM.Build.0 = Debug|ARM
		{EDEF7291-294D-4522-A050-5ADE35A686C1}.Debug|ARM.Deploy.0 = Debug|ARM
		{EDEF7291-294D-4522-A050-5ADE35A686C1}.Debug|ARM64.ActiveCfg = Debug|ARM64
		{EDEF7291-294D-4522-A050-5ADE35A686C1}.Debug|ARM64.Build.0 = Debug|ARM64
		{EDEF7291-294D-4522-A050-5ADE35A686C1}.Debug|ARM64.Deploy.0 = Debug|ARM64
		{EDEF7291-294D-4522-A050-5ADE35A686C1}.Debug|x64.ActiveCfg = Debug|x64
		{EDEF7291-294D-4522-A050-5ADE35A686C1}.Debug|x64.Build.0 = Debug|x64
		{EDEF7291-294D-4522-A050-5ADE35A686C1}.Debug|x64.Deploy.0 = Debug|x64
		{EDEF7291-294D-4522-A050-5ADE35A686C1}.Debug|x86.ActiveCfg = Debug|x86
		{EDEF7291-294D-4522-A050-5ADE35A686C1}.Debug|x86.Build.0 = Debug|x86
		{EDEF7291-294D-4522-A050-5ADE35A686C1}.Debug|x86.Deploy.0 = Debug|x86
		{EDEF7291-294D-4522-A050-5ADE35A686C1}.Release|ARM.ActiveCfg = Release|ARM
		{EDEF7291-294D-4522-A050-5ADE35A686C1}.Release|ARM.Build.0 = Release|ARM
		{EDEF7291-294D-4522-A050-5ADE35A686C1}.Release|ARM.Deploy.0 = Release|ARM
		{EDEF7291-294D-4522-A050-5ADE35A686C1}.Release|ARM64.ActiveCfg = Release|ARM64
		{EDEF7291-294D-4522-A050-5ADE35A686C1}.Release|ARM64.Build.0 = Release|ARM64
		{EDEF7291-294D-4522-A050-5ADE35A686C1}.Release|ARM64.Deploy.0 = Release|ARM64
		{EDEF7291-294D-4522-A050-5ADE35A686C1}.Release|x64.ActiveCfg = Release|x64
		{EDEF7291-294D-4522-A050-5ADE35A686C1}.Release|x64.Build.0 = Release|x64
		{EDEF7291-294D-4522-A050-5ADE35A686C1}.Release|x64.Deploy.0 = Release|x64
		{EDEF7291-294D-4522-A050-5ADE35A686C1}.Release|x86.ActiveCfg = Release|x86
		{EDEF7291-294D-4522-A050-5ADE35A686C1}.Release|x86.Build.0 = Release|x86
		{EDEF7291-294D-4522-A050-5ADE35A686C1}.Release|x86.Deploy.0 = Release|x86
	EndGlobalSection
	GlobalSection(SolutionProperties) = preSolution
		HideSolutionNode = FALSE
	EndGlobalSection
	GlobalSection(ExtensibilityGlobals) = postSolution
		SolutionGuid = {C0A13A67-DFB3-4B12-A6A5-5A47873E4FC4}
	EndGlobalSection
EndGlobal
